{
  "version": 4,
  "terraform_version": "1.0.7",
  "serial": 4,
  "lineage": "4919f0aa-4d2d-c37c-d377-40504fc1a86c",
  "outputs": {},
  "resources": [
    {
      "mode": "managed",
      "type": "local_file",
      "name": "pet",
      "provider": "provider[\"registry.terraform.io/hashicorp/local\"]",
      "instances": [
        {
          "schema_version": 0,
          "attributes": {
            "content": "This is the sample content!",
            "content_base64": null,
            "content_base64sha256": "yOy9UQzhUWDaSzIJuxXBlrvklfvReSlt8kZtGh6Y3VU=",
            "content_base64sha512": "F2qYBQozvCf9z3vSkiNv3uhu5wkOQ9xLF6IkV3JnhR/PqoLvNH4L2a1jCVHxqmlCr8X9X+E8v8lUf4RWeteloQ==",
            "content_md5": "14ee13789874a759f835797b14ea46fb",
            "content_sha1": "355425608029f7f7253b727d60b9b093bdb931ac",
            "content_sha256": "c8ecbd510ce15160da4b3209bb15c196bbe495fbd179296df2466d1a1e98dd55",
            "content_sha512": "176a98050a33bc27fdcf7bd292236fdee86ee7090e43dc4b17a224577267851fcfaa82ef347e0bd9ad630951f1aa6942afc5fd5fe13cbfc9547f84567ad7a5a1",
            "directory_permission": "0777",
            "file_permission": "0700",
            "filename": "/home/salman/Desktop/linux/bash-lab/terraform/pet.txt",
            "id": "355425608029f7f7253b727d60b9b093bdb931ac",
            "sensitive_content": null,
            "source": null
          },
          "sensitive_attributes": []
        }
      ]
    }
  ]
}
